
Microsoft Visual Studio Solution File, Format Version 12.00
# Visual Studio Version 16
VisualStudioVersion = 16.0.29215.179
MinimumVisualStudioVersion = 10.0.40219.1
Project("{FAE04EC0-301F-11D3-BF4B-00C04F79EFBC}") = "Task1", "Task1\Task1.csproj", "{9590FA40-9984-4925-90D8-FCDA3479314E}"
EndProject
Project("{2150E333-8FDC-42A3-9474-1A3956D46DE8}") = "Solution Items", "Solution Items", "{F5F9C14C-C1A9-4E13-8137-36BB2601FC99}"
	ProjectSection(SolutionItems) = preProject
		Matrix.xml = Matrix.xml
	EndProjectSection
EndProject
Global
	GlobalSection(SolutionConfigurationPlatforms) = preSolution
		Debug|Any CPU = Debug|Any CPU
		Release|Any CPU = Release|Any CPU
	EndGlobalSection
	GlobalSection(ProjectConfigurationPlatforms) = postSolution
		{9590FA40-9984-4925-90D8-FCDA3479314E}.Debug|Any CPU.ActiveCfg = Debug|Any CPU
		{9590FA40-9984-4925-90D8-FCDA3479314E}.Debug|Any CPU.Build.0 = Debug|Any CPU
		{9590FA40-9984-4925-90D8-FCDA3479314E}.Release|Any CPU.ActiveCfg = Release|Any CPU
		{9590FA40-9984-4925-90D8-FCDA3479314E}.Release|Any CPU.Build.0 = Release|Any CPU
	EndGlobalSection
	GlobalSection(SolutionProperties) = preSolution
		HideSolutionNode = FALSE
	EndGlobalSection
	GlobalSection(ExtensibilityGlobals) = postSolution
		SolutionGuid = {9EAECC79-C48E-4B8A-A59C-9294DCB18677}
	EndGlobalSection
EndGlobal
